
Microsoft Visual Studio Solution File, Format Version 12.00
# Visual Studio 2013
VisualStudioVersion = 12.0.30501.0
MinimumVisualStudioVersion = 10.0.40219.1
Project("{F2A71F9B-5D33-465A-A702-920D77279786}") = "Calculator", "samples\Calculator\Calculator.fsproj", "{97BA155D-E4D9-47D5-91BE-14B65775BFB1}"
EndProject
Project("{F2A71F9B-5D33-465A-A702-920D77279786}") = "NumericUpDown", "samples\NumericUpDown\NumericUpDown.fsproj", "{230F96A3-08EE-4520-95E7-64D9705E628C}"
EndProject
Global
	GlobalSection(SolutionConfigurationPlatforms) = preSolution
		Debug|Any CPU = Debug|Any CPU
		Release|Any CPU = Release|Any CPU
	EndGlobalSection
	GlobalSection(ProjectConfigurationPlatforms) = postSolution
		{97BA155D-E4D9-47D5-91BE-14B65775BFB1}.Debug|Any CPU.ActiveCfg = Debug|Any CPU
		{97BA155D-E4D9-47D5-91BE-14B65775BFB1}.Debug|Any CPU.Build.0 = Debug|Any CPU
		{97BA155D-E4D9-47D5-91BE-14B65775BFB1}.Release|Any CPU.ActiveCfg = Release|Any CPU
		{97BA155D-E4D9-47D5-91BE-14B65775BFB1}.Release|Any CPU.Build.0 = Release|Any CPU
		{230F96A3-08EE-4520-95E7-64D9705E628C}.Debug|Any CPU.ActiveCfg = Debug|Any CPU
		{230F96A3-08EE-4520-95E7-64D9705E628C}.Debug|Any CPU.Build.0 = Debug|Any CPU
		{230F96A3-08EE-4520-95E7-64D9705E628C}.Release|Any CPU.ActiveCfg = Release|Any CPU
		{230F96A3-08EE-4520-95E7-64D9705E628C}.Release|Any CPU.Build.0 = Release|Any CPU
	EndGlobalSection
	GlobalSection(SolutionProperties) = preSolution
		HideSolutionNode = FALSE
	EndGlobalSection
EndGlobal
